<?xml version="1.0" encoding="UTF-8" standalone="yes" ?>
<CodeBlocks_project_file>
	<FileVersion major="1" minor="6" />
	<Project>
		<Option title="corburt" />
		<Option pch_mode="2" />
		<Option compiler="gcc" />
		<Build>
			<Target title="Debug">
				<Option output="bin/Debug/corburt" prefix_auto="1" extension_auto="1" />
				<Option object_output="obj/Debug/" />
				<Option type="1" />
				<Option compiler="gcc" />
				<Compiler>
					<Add option="-g" />
				</Compiler>
			</Target>
			<Target title="Release">
				<Option output="bin/Release/corburt" prefix_auto="1" extension_auto="1" />
				<Option object_output="obj/Release/" />
				<Option type="1" />
				<Option compiler="gcc" />
				<Compiler>
					<Add option="-O2" />
				</Compiler>
				<Linker>
					<Add option="-s" />
				</Linker>
			</Target>
			<Target title="cbinput">
				<Option output="bin/Release/cbinput" prefix_auto="1" extension_auto="1" />
				<Option object_output="obj/Release/" />
				<Option type="1" />
				<Option compiler="gcc" />
				<Compiler>
					<Add option="-O2" />
				</Compiler>
				<Linker>
					<Add option="-s" />
				</Linker>
			</Target>
		</Build>
		<Compiler>
			<Add option="-Wall" />
		</Compiler>
		<Unit filename="cbinput.c">
			<Option compilerVar="CC" />
			<Option target="cbinput" />
		</Unit>
		<Unit filename="corburt.c">
			<Option compilerVar="CC" />
			<Option target="Debug" />
			<Option target="Release" />
		</Unit>
		<Unit filename="include/cbcurses.h" />
		<Unit filename="include/cbfio.h" />
		<Unit filename="include/cbio.h" />
		<Unit filename="include/cbproto.h" />
		<Unit filename="include/cbrng.h">
			<Option target="Debug" />
			<Option target="Release" />
		</Unit>
		<Unit filename="include/cbsys.h" />
		<Unit filename="include/cbutils.h">
			<Option target="Debug" />
			<Option target="Release" />
		</Unit>
		<Unit filename="include/corburt.h" />
		<Extensions />
	</Project>
</CodeBlocks_project_file>
