<?xml version="1.0" encoding="UTF-8" standalone="yes" ?>
<CodeBlocks_project_file>
	<FileVersion major="1" minor="6" />
	<Project>
		<Option title="corburt" />
		<Option pch_mode="2" />
		<Option compiler="gcc" />
		<Build>
			<Target title="Debug">
				<Option output="bin/Debug/corburt" prefix_auto="1" extension_auto="1" />
				<Option object_output="obj/Debug/" />
				<Option type="1" />
				<Option compiler="gcc" />
				<Compiler>
					<Add option="-g" />
				</Compiler>
			</Target>
			<Target title="Release">
				<Option output="bin/Release/corburt" prefix_auto="1" extension_auto="1" />
				<Option object_output="obj/Release/" />
				<Option type="1" />
				<Option compiler="gcc" />
				<Compiler>
					<Add option="-O2" />
				</Compiler>
				<Linker>
					<Add option="-s" />
				</Linker>
			</Target>
		</Build>
		<Compiler>
			<Add option="-Wall" />
		</Compiler>
		<Unit filename="curburt.c">
			<Option compilerVar="CC" />
		</Unit>
		<Unit filename="include/cbbase.h" />
		<Unit filename="include/cbcurses.h" />
		<Unit filename="include/cbfio.h" />
		<Unit filename="include/cbfio_base.h" />
		<Unit filename="include/cbio.h" />
		<Unit filename="include/cbplayer.h" />
		<Unit filename="include/dbbuff.h" />
		<Unit filename="include/dbenemy.h" />
		<Unit filename="include/dbentity.h" />
		<Unit filename="include/dbfio_.h" />
		<Unit filename="include/dbitem.h" />
		<Unit filename="include/dbmap.h" />
		<Unit filename="include/msg.h" />
		<Unit filename="include/mtwister.h" />
		<Extensions />
	</Project>
</CodeBlocks_project_file>
